
Microsoft Visual Studio Solution File, Format Version 12.00
# Visual Studio Version 16
VisualStudioVersion = 16.0.30523.141
MinimumVisualStudioVersion = 10.0.40219.1
Project("{FAE04EC0-301F-11D3-BF4B-00C04F79EFBC}") = "PresentationLayer", "PresentationLayer\PresentationLayer.csproj", "{C9A2CDED-D660-4BE3-9924-6D2F8224CC3B}"
EndProject
Project("{FAE04EC0-301F-11D3-BF4B-00C04F79EFBC}") = "DataAccessLayer", "DataAccessLayer\DataAccessLayer.csproj", "{F3712AA4-246F-4813-BA42-3A5F6ED80318}"
EndProject
Project("{FAE04EC0-301F-11D3-BF4B-00C04F79EFBC}") = "BusinesLayer", "BusinesLayer\BusinesLayer.csproj", "{49E889E3-0C81-4DD5-BBAA-F33D266F963F}"
EndProject
Project("{FAE04EC0-301F-11D3-BF4B-00C04F79EFBC}") = "PresentationLayerWeb", "PresentationLayerWeb\PresentationLayerWeb.csproj", "{1898CBBB-F3C8-46B9-8D67-CBE2F49AB5C4}"
EndProject
Global
	GlobalSection(SolutionConfigurationPlatforms) = preSolution
		Debug|Any CPU = Debug|Any CPU
		Release|Any CPU = Release|Any CPU
	EndGlobalSection
	GlobalSection(ProjectConfigurationPlatforms) = postSolution
		{C9A2CDED-D660-4BE3-9924-6D2F8224CC3B}.Debug|Any CPU.ActiveCfg = Debug|Any CPU
		{C9A2CDED-D660-4BE3-9924-6D2F8224CC3B}.Debug|Any CPU.Build.0 = Debug|Any CPU
		{C9A2CDED-D660-4BE3-9924-6D2F8224CC3B}.Release|Any CPU.ActiveCfg = Release|Any CPU
		{C9A2CDED-D660-4BE3-9924-6D2F8224CC3B}.Release|Any CPU.Build.0 = Release|Any CPU
		{F3712AA4-246F-4813-BA42-3A5F6ED80318}.Debug|Any CPU.ActiveCfg = Debug|Any CPU
		{F3712AA4-246F-4813-BA42-3A5F6ED80318}.Debug|Any CPU.Build.0 = Debug|Any CPU
		{F3712AA4-246F-4813-BA42-3A5F6ED80318}.Release|Any CPU.ActiveCfg = Release|Any CPU
		{F3712AA4-246F-4813-BA42-3A5F6ED80318}.Release|Any CPU.Build.0 = Release|Any CPU
		{49E889E3-0C81-4DD5-BBAA-F33D266F963F}.Debug|Any CPU.ActiveCfg = Debug|Any CPU
		{49E889E3-0C81-4DD5-BBAA-F33D266F963F}.Debug|Any CPU.Build.0 = Debug|Any CPU
		{49E889E3-0C81-4DD5-BBAA-F33D266F963F}.Release|Any CPU.ActiveCfg = Release|Any CPU
		{49E889E3-0C81-4DD5-BBAA-F33D266F963F}.Release|Any CPU.Build.0 = Release|Any CPU
		{1898CBBB-F3C8-46B9-8D67-CBE2F49AB5C4}.Debug|Any CPU.ActiveCfg = Debug|Any CPU
		{1898CBBB-F3C8-46B9-8D67-CBE2F49AB5C4}.Debug|Any CPU.Build.0 = Debug|Any CPU
		{1898CBBB-F3C8-46B9-8D67-CBE2F49AB5C4}.Release|Any CPU.ActiveCfg = Release|Any CPU
		{1898CBBB-F3C8-46B9-8D67-CBE2F49AB5C4}.Release|Any CPU.Build.0 = Release|Any CPU
	EndGlobalSection
	GlobalSection(SolutionProperties) = preSolution
		HideSolutionNode = FALSE
	EndGlobalSection
	GlobalSection(ExtensibilityGlobals) = postSolution
		SolutionGuid = {45ACF281-2D7D-47BD-826C-3F23BF3DCB51}
	EndGlobalSection
EndGlobal
